
Microsoft Visual Studio Solution File, Format Version 12.00
# Visual Studio Version 16
VisualStudioVersion = 16.0.34114.132
MinimumVisualStudioVersion = 10.0.40219.1
Project("{FAE04EC0-301F-11D3-BF4B-00C04F79EFBC}") = "ZyixAuthSystemAdmin", "ZyixAuthSystemAdmin\ZyixAuthSystemAdmin.csproj", "{020CF564-B32F-475E-8569-686A0B874D77}"
EndProject
Project("{FAE04EC0-301F-11D3-BF4B-00C04F79EFBC}") = "ZyixAuthSystemUsers", "ZyixAuthSystemUsers\ZyixAuthSystemUsers.csproj", "{F6A149B7-5F61-4DA4-BD48-834834786A1A}"
EndProject
Global
	GlobalSection(SolutionConfigurationPlatforms) = preSolution
		Debug|Any CPU = Debug|Any CPU
		Release|Any CPU = Release|Any CPU
	EndGlobalSection
	GlobalSection(ProjectConfigurationPlatforms) = postSolution
		{020CF564-B32F-475E-8569-686A0B874D77}.Debug|Any CPU.ActiveCfg = Debug|Any CPU
		{020CF564-B32F-475E-8569-686A0B874D77}.Debug|Any CPU.Build.0 = Debug|Any CPU
		{020CF564-B32F-475E-8569-686A0B874D77}.Release|Any CPU.ActiveCfg = Release|Any CPU
		{020CF564-B32F-475E-8569-686A0B874D77}.Release|Any CPU.Build.0 = Release|Any CPU
		{F6A149B7-5F61-4DA4-BD48-834834786A1A}.Debug|Any CPU.ActiveCfg = Debug|Any CPU
		{F6A149B7-5F61-4DA4-BD48-834834786A1A}.Debug|Any CPU.Build.0 = Debug|Any CPU
		{F6A149B7-5F61-4DA4-BD48-834834786A1A}.Release|Any CPU.ActiveCfg = Release|Any CPU
		{F6A149B7-5F61-4DA4-BD48-834834786A1A}.Release|Any CPU.Build.0 = Release|Any CPU
	EndGlobalSection
	GlobalSection(SolutionProperties) = preSolution
		HideSolutionNode = FALSE
	EndGlobalSection
	GlobalSection(ExtensibilityGlobals) = postSolution
		SolutionGuid = {E62C996C-A827-414C-B1E5-C8E61926CA94}
	EndGlobalSection
EndGlobal
